
Microsoft Visual Studio Solution File, Format Version 12.00
# Visual Studio Version 18
VisualStudioVersion = 18.7.11919.86
MinimumVisualStudioVersion = 10.0.40219.1
Project("{FAE04EC0-301F-11D3-BF4B-00C04F79EFBC}") = "TodoX.Web", "TodoX.Web\TodoX.Web.csproj", "{4F626419-749E-6749-0D71-AE5387DDB65B}"
EndProject
Project("{FAE04EC0-301F-11D3-BF4B-00C04F79EFBC}") = "TodoX.Web.Tests", "TodoX.Web.Tests\TodoX.Web.Tests.csproj", "{DF8B7B7A-9313-4399-B543-7AE208D4138A}"
EndProject
Project("{FAE04EC0-301F-11D3-BF4B-00C04F79EFBC}") = "TodoX.Landing", "TodoX.Landing\TodoX.Landing.csproj", "{571B68EA-6CAD-458C-8F08-C7504DB89E62}"
EndProject
Global
	GlobalSection(SolutionConfigurationPlatforms) = preSolution
		Debug|Any CPU = Debug|Any CPU
		Debug|x64 = Debug|x64
		Debug|x86 = Debug|x86
		Release|Any CPU = Release|Any CPU
		Release|x64 = Release|x64
		Release|x86 = Release|x86
	EndGlobalSection
	GlobalSection(ProjectConfigurationPlatforms) = postSolution
		{4F626419-749E-6749-0D71-AE5387DDB65B}.Debug|Any CPU.ActiveCfg = Debug|Any CPU
		{4F626419-749E-6749-0D71-AE5387DDB65B}.Debug|Any CPU.Build.0 = Debug|Any CPU
		{4F626419-749E-6749-0D71-AE5387DDB65B}.Debug|x64.ActiveCfg = Debug|Any CPU
		{4F626419-749E-6749-0D71-AE5387DDB65B}.Debug|x64.Build.0 = Debug|Any CPU
		{4F626419-749E-6749-0D71-AE5387DDB65B}.Debug|x86.ActiveCfg = Debug|Any CPU
		{4F626419-749E-6749-0D71-AE5387DDB65B}.Debug|x86.Build.0 = Debug|Any CPU
		{4F626419-749E-6749-0D71-AE5387DDB65B}.Release|Any CPU.ActiveCfg = Release|Any CPU
		{4F626419-749E-6749-0D71-AE5387DDB65B}.Release|Any CPU.Build.0 = Release|Any CPU
		{4F626419-749E-6749-0D71-AE5387DDB65B}.Release|x64.ActiveCfg = Release|Any CPU
		{4F626419-749E-6749-0D71-AE5387DDB65B}.Release|x64.Build.0 = Release|Any CPU
		{4F626419-749E-6749-0D71-AE5387DDB65B}.Release|x86.ActiveCfg = Release|Any CPU
		{4F626419-749E-6749-0D71-AE5387DDB65B}.Release|x86.Build.0 = Release|Any CPU
		{DF8B7B7A-9313-4399-B543-7AE208D4138A}.Debug|Any CPU.ActiveCfg = Debug|Any CPU
		{DF8B7B7A-9313-4399-B543-7AE208D4138A}.Debug|Any CPU.Build.0 = Debug|Any CPU
		{DF8B7B7A-9313-4399-B543-7AE208D4138A}.Debug|x64.ActiveCfg = Debug|Any CPU
		{DF8B7B7A-9313-4399-B543-7AE208D4138A}.Debug|x64.Build.0 = Debug|Any CPU
		{DF8B7B7A-9313-4399-B543-7AE208D4138A}.Debug|x86.ActiveCfg = Debug|Any CPU
		{DF8B7B7A-9313-4399-B543-7AE208D4138A}.Debug|x86.Build.0 = Debug|Any CPU
		{DF8B7B7A-9313-4399-B543-7AE208D4138A}.Release|Any CPU.ActiveCfg = Release|Any CPU
		{DF8B7B7A-9313-4399-B543-7AE208D4138A}.Release|Any CPU.Build.0 = Release|Any CPU
		{DF8B7B7A-9313-4399-B543-7AE208D4138A}.Release|x64.ActiveCfg = Release|Any CPU
		{DF8B7B7A-9313-4399-B543-7AE208D4138A}.Release|x64.Build.0 = Release|Any CPU
		{DF8B7B7A-9313-4399-B543-7AE208D4138A}.Release|x86.ActiveCfg = Release|Any CPU
		{DF8B7B7A-9313-4399-B543-7AE208D4138A}.Release|x86.Build.0 = Release|Any CPU
		{571B68EA-6CAD-458C-8F08-C7504DB89E62}.Debug|Any CPU.ActiveCfg = Debug|Any CPU
		{571B68EA-6CAD-458C-8F08-C7504DB89E62}.Debug|Any CPU.Build.0 = Debug|Any CPU
		{571B68EA-6CAD-458C-8F08-C7504DB89E62}.Debug|x64.ActiveCfg = Debug|Any CPU
		{571B68EA-6CAD-458C-8F08-C7504DB89E62}.Debug|x64.Build.0 = Debug|Any CPU
		{571B68EA-6CAD-458C-8F08-C7504DB89E62}.Debug|x86.ActiveCfg = Debug|Any CPU
		{571B68EA-6CAD-458C-8F08-C7504DB89E62}.Debug|x86.Build.0 = Debug|Any CPU
		{571B68EA-6CAD-458C-8F08-C7504DB89E62}.Release|Any CPU.ActiveCfg = Release|Any CPU
		{571B68EA-6CAD-458C-8F08-C7504DB89E62}.Release|Any CPU.Build.0 = Release|Any CPU
		{571B68EA-6CAD-458C-8F08-C7504DB89E62}.Release|x64.ActiveCfg = Release|Any CPU
		{571B68EA-6CAD-458C-8F08-C7504DB89E62}.Release|x64.Build.0 = Release|Any CPU
		{571B68EA-6CAD-458C-8F08-C7504DB89E62}.Release|x86.ActiveCfg = Release|Any CPU
		{571B68EA-6CAD-458C-8F08-C7504DB89E62}.Release|x86.Build.0 = Release|Any CPU
	EndGlobalSection
	GlobalSection(SolutionProperties) = preSolution
		HideSolutionNode = FALSE
	EndGlobalSection
EndGlobal
